
Microsoft Visual Studio Solution File, Format Version 11.00
# Visual Studio 2010
Project("{8BC9CEB8-8B4A-11D0-8D11-00A0C91BC942}") = "fexec_agent", "fexec_agent\fexec_agent.vcxproj", "{4AC5D3EB-920A-4702-BCF4-78FC25B1B3A7}"
EndProject
Global
	GlobalSection(SolutionConfigurationPlatforms) = preSolution
		Debug|Win32 = Debug|Win32
		Release|Win32 = Release|Win32
	EndGlobalSection
	GlobalSection(ProjectConfigurationPlatforms) = postSolution
		{4AC5D3EB-920A-4702-BCF4-78FC25B1B3A7}.Debug|Win32.ActiveCfg = Debug|Win32
		{4AC5D3EB-920A-4702-BCF4-78FC25B1B3A7}.Debug|Win32.Build.0 = Debug|Win32
		{4AC5D3EB-920A-4702-BCF4-78FC25B1B3A7}.Release|Win32.ActiveCfg = Release|Win32
		{4AC5D3EB-920A-4702-BCF4-78FC25B1B3A7}.Release|Win32.Build.0 = Release|Win32
	EndGlobalSection
	GlobalSection(SolutionProperties) = preSolution
		HideSolutionNode = FALSE
	EndGlobalSection
EndGlobal
